{
  "name": "pvpkcs11",
  "version": "1.0.0",
  "lockfileVersion": 1,
  "requires": true,
  "dependencies": {
    "@peculiar/asn1-schema": {
      "version": "2.0.3",
      "resolved": "https://registry.npmjs.org/@peculiar/asn1-schema/-/asn1-schema-2.0.3.tgz",
      "integrity": "sha512-STqC+Tfx2dTiIGRmokjsKOeqsfhoV6WaBwFr7BVicSfHLAVSPrZXiugyD8AELrjQdJ9INWpL3N7YSJyU5a1ZwA==",
      "dev": true,
      "requires": {
        "@types/asn1js": "^0.0.1",
        "asn1js": "^2.0.26",
        "pvtsutils": "^1.0.10",
        "tslib": "^1.11.1"
      }
    },
    "@peculiar/json-schema": {
      "version": "1.1.10",
      "resolved": "https://registry.npmjs.org/@peculiar/json-schema/-/json-schema-1.1.10.tgz",
      "integrity": "sha512-kbpnG9CkF1y6wwGkW7YtSA+yYK4X5uk4rAwsd1hxiaYE3Hkw2EsGlbGh/COkMLyFf+Fe830BoFiMSB3QnC/ItA==",
      "dev": true,
      "requires": {
        "tslib": "^1.11.1"
      }
    },
    "@peculiar/webcrypto": {
      "version": "1.1.1",
      "resolved": "https://registry.npmjs.org/@peculiar/webcrypto/-/webcrypto-1.1.1.tgz",
      "integrity": "sha512-Bu2XgOvzirnLcojZYs4KQ8hOLf2ETpa0NL6btQt5NgsAwctI6yVkzgYP+EcG7Mm579RBP+V0LM5rXyMlTVx23A==",
      "dev": true,
      "requires": {
        "@peculiar/asn1-schema": "^2.0.3",
        "@peculiar/json-schema": "^1.1.10",
        "pvtsutils": "^1.0.10",
        "tslib": "^1.11.2",
        "webcrypto-core": "^1.1.0"
      },
      "dependencies": {
        "webcrypto-core": {
          "version": "1.1.1",
          "resolved": "https://registry.npmjs.org/webcrypto-core/-/webcrypto-core-1.1.1.tgz",
          "integrity": "sha512-xK61sFRUyZdSAJG7+bJox36+Tnhxw1PaMbmrLLp30HNTJ4mffqsY2jUMlmGq6OOoej3WO/SsH5serzlzBMZ+jg==",
          "dev": true,
          "requires": {
            "@peculiar/asn1-schema": "^2.0.1",
            "@peculiar/json-schema": "^1.1.10",
            "asn1js": "^2.0.26",
            "pvtsutils": "^1.0.10",
            "tslib": "^1.11.2"
          }
        }
      }
    },
    "@types/asn1js": {
      "version": "0.0.1",
      "resolved": "https://registry.npmjs.org/@types/asn1js/-/asn1js-0.0.1.tgz",
      "integrity": "sha1-74uflwjLFjKhw6nNJ3F8qr55O8I=",
      "dev": true,
      "requires": {
        "@types/pvutils": "*"
      }
    },
    "@types/mocha": {
      "version": "2.2.48",
      "resolved": "https://registry.npmjs.org/@types/mocha/-/mocha-2.2.48.tgz",
      "integrity": "sha512-nlK/iyETgafGli8Zh9zJVCTicvU3iajSkRwOh3Hhiva598CMqNJ4NcVCGMTGKpGpTYj/9R8RLzS9NAykSSCqGw==",
      "dev": true
    },
    "@types/pvutils": {
      "version": "0.0.2",
      "resolved": "https://registry.npmjs.org/@types/pvutils/-/pvutils-0.0.2.tgz",
      "integrity": "sha512-CgQAm7pjyeF3Gnv78ty4RBVIfluB+Td+2DR8iPaU0prF18pkzptHHP+DoKPfpsJYknKsVZyVsJEu5AuGgAqQ5w==",
      "dev": true
    },
    "asn1js": {
      "version": "2.0.26",
      "resolved": "https://registry.npmjs.org/asn1js/-/asn1js-2.0.26.tgz",
      "integrity": "sha512-yG89F0j9B4B0MKIcFyWWxnpZPLaNTjCj4tkE3fjbAoo0qmpGw0PYYqSbX/4ebnd9Icn8ZgK4K1fvDyEtW1JYtQ==",
      "dev": true,
      "requires": {
        "pvutils": "^1.0.17"
      }
    },
    "bytestreamjs": {
      "version": "1.0.29",
      "resolved": "https://registry.npmjs.org/bytestreamjs/-/bytestreamjs-1.0.29.tgz",
      "integrity": "sha512-Mri3yqoo9YvdaSvD5OYl4Rdu9zCBJInW/Ez31sdlNY4ikMy//EvTTmidfLcs0e+NBvKVEpPzYvJAesjgMdjnZg==",
      "dev": true
    },
    "graphene-pk11": {
      "version": "2.1.7",
      "resolved": "https://registry.npmjs.org/graphene-pk11/-/graphene-pk11-2.1.7.tgz",
      "integrity": "sha512-ZYr46p4bzZSdHHTcAi2pGD/bPBxR8BSggSIiTVTsWIayk8LmgFlrftPiJztpqveKpK7DfqrswsCTytHjhXbPkw==",
      "dev": true,
      "requires": {
        "int64-buffer": "^0.99.1007",
        "pkcs11js": "^1.0.19",
        "tslib": "^1.11.1"
      }
    },
    "int64-buffer": {
      "version": "0.99.1007",
      "resolved": "https://registry.npmjs.org/int64-buffer/-/int64-buffer-0.99.1007.tgz",
      "integrity": "sha512-XDBEu44oSTqlvCSiOZ/0FoUkpWu/vwjJLGSKDabNISPQNZ5wub1FodGHBljRsrR0IXRPq7SslshZYMuA55CgTQ==",
      "dev": true
    },
    "nan": {
      "version": "2.14.1",
      "resolved": "https://registry.npmjs.org/nan/-/nan-2.14.1.tgz",
      "integrity": "sha512-isWHgVjnFjh2x2yuJ/tj3JbwoHu3UC2dX5G/88Cm24yB6YopVgxvBObDY7n5xW6ExmFhJpSEQqFPvq9zaXc8Jw==",
      "dev": true
    },
    "node-webcrypto-p11": {
      "version": "1.2.4",
      "resolved": "https://registry.npmjs.org/node-webcrypto-p11/-/node-webcrypto-p11-1.2.4.tgz",
      "integrity": "sha512-r2HBQFkMoz9Tt5sXn2dfLeyIEuGPxvIHynUpq/rQpVMDB23vPVrsGA+cKGs226O/mEDLkX86ZBUTe7A25wWQQA==",
      "dev": true,
      "requires": {
        "asn1js": "^2.0.20",
        "graphene-pk11": "^2.0.34",
        "pkijs": "^2.1.55",
        "tslib": "^1.9.2",
        "webcrypto-core": "^0.1.22"
      }
    },
    "pkcs11js": {
      "version": "1.0.21",
      "resolved": "https://registry.npmjs.org/pkcs11js/-/pkcs11js-1.0.21.tgz",
      "integrity": "sha512-U+UUXbVqdL3q95zNqi8aGbAg6KcyVkKocKR4QicvoEEO9NVW2podLkaq5hhxLGUi+OOJSL5VBNbUE2EatbeITw==",
      "dev": true,
      "requires": {
        "nan": "^2.14.0"
      }
    },
    "pkijs": {
      "version": "2.1.88",
      "resolved": "https://registry.npmjs.org/pkijs/-/pkijs-2.1.88.tgz",
      "integrity": "sha512-R/1VglrBioIx3wdX1/DzEcJDvhJgl5cNsT+Ovex3zWbCwjY2mDUW2Qvj6/kc0S7PDDnijXwHczAVRYscNLhUgQ==",
      "dev": true,
      "requires": {
        "asn1js": "^2.0.26",
        "bytestreamjs": "^1.0.29",
        "pvutils": "^1.0.17"
      },
      "dependencies": {
        "asn1js": {
          "version": "2.0.26",
          "resolved": "https://registry.npmjs.org/asn1js/-/asn1js-2.0.26.tgz",
          "integrity": "sha512-yG89F0j9B4B0MKIcFyWWxnpZPLaNTjCj4tkE3fjbAoo0qmpGw0PYYqSbX/4ebnd9Icn8ZgK4K1fvDyEtW1JYtQ==",
          "dev": true,
          "requires": {
            "pvutils": "^1.0.17"
          }
        }
      }
    },
    "pvtsutils": {
      "version": "1.0.10",
      "resolved": "https://registry.npmjs.org/pvtsutils/-/pvtsutils-1.0.10.tgz",
      "integrity": "sha512-8ZKQcxnZKTn+fpDh7wL4yKax5fdl3UJzT8Jv49djZpB/dzPxacyN1Sez90b6YLdOmvIr9vaySJ5gw4aUA1EdSw==",
      "dev": true,
      "requires": {
        "tslib": "^1.10.0"
      }
    },
    "pvutils": {
      "version": "1.0.17",
      "resolved": "https://registry.npmjs.org/pvutils/-/pvutils-1.0.17.tgz",
      "integrity": "sha512-wLHYUQxWaXVQvKnwIDWFVKDJku9XDCvyhhxoq8dc5MFdIlRenyPI9eSfEtcvgHgD7FlvCyGAlWgOzRnZD99GZQ==",
      "dev": true
    },
    "tslib": {
      "version": "1.13.0",
      "resolved": "https://registry.npmjs.org/tslib/-/tslib-1.13.0.tgz",
      "integrity": "sha512-i/6DQjL8Xf3be4K/E6Wgpekn5Qasl1usyw++dAA35Ue5orEn65VIxOA+YvNNl9HV3qv70T7CNwjODHZrLwvd1Q==",
      "dev": true
    },
    "webcrypto-core": {
      "version": "0.1.27",
      "resolved": "https://registry.npmjs.org/webcrypto-core/-/webcrypto-core-0.1.27.tgz",
      "integrity": "sha512-r0MSFxvqaIjoqIKerm80P9+7n1dWBG88PYnshJk57J4uZuXlqNX8yQixrEIe3CGqrJ7xwfGM2SQGR4AlJYr02g==",
      "dev": true,
      "requires": {
        "tslib": "^1.7.1"
      }
    }
  }
}
